
Microsoft Visual Studio Solution File, Format Version 12.00
# Visual Studio Version 17
VisualStudioVersion = 17.4.33110.190
MinimumVisualStudioVersion = 10.0.40219.1
Project("{9A19103F-16F7-4668-BE54-9A1E7A4F7556}") = "MyTexterBot", "MyTexterBot.csproj", "{DAE4D61E-CD61-48BE-9F71-7D56CE20651A}"
EndProject
Global
	GlobalSection(SolutionConfigurationPlatforms) = preSolution
		Debug|Any CPU = Debug|Any CPU
		Release|Any CPU = Release|Any CPU
	EndGlobalSection
	GlobalSection(ProjectConfigurationPlatforms) = postSolution
		{DAE4D61E-CD61-48BE-9F71-7D56CE20651A}.Debug|Any CPU.ActiveCfg = Debug|Any CPU
		{DAE4D61E-CD61-48BE-9F71-7D56CE20651A}.Debug|Any CPU.Build.0 = Debug|Any CPU
		{DAE4D61E-CD61-48BE-9F71-7D56CE20651A}.Release|Any CPU.ActiveCfg = Release|Any CPU
		{DAE4D61E-CD61-48BE-9F71-7D56CE20651A}.Release|Any CPU.Build.0 = Release|Any CPU
	EndGlobalSection
	GlobalSection(SolutionProperties) = preSolution
		HideSolutionNode = FALSE
	EndGlobalSection
	GlobalSection(ExtensibilityGlobals) = postSolution
		SolutionGuid = {32FC76CB-87DC-4182-903B-B7E8588692EC}
	EndGlobalSection
EndGlobal
